// !$*UTF8*$!
{
	archiveVersion = 1;
	classes = {
	};
	objectVersion = 56;
	objects = {

/* Begin PBXBuildFile section */
		EF1724FC29DC6FD900FAEB5A /* TDF2024_iOSApp.swift in Sources */ = {isa = PBXBuildFile; fileRef = EF1724FB29DC6FD900FAEB5A /* TDF2024_iOSApp.swift */; };
		EF1724FE29DC6FD900FAEB5A /* ContentView.swift in Sources */ = {isa = PBXBuildFile; fileRef = EF1724FD29DC6FD900FAEB5A /* ContentView.swift */; };
		EF17250029DC6FDA00FAEB5A /* Assets.xcassets in Resources */ = {isa = PBXBuildFile; fileRef = EF1724FF29DC6FDA00FAEB5A /* Assets.xcassets */; };
		EF17250329DC6FDA00FAEB5A /* Preview Assets.xcassets in Resources */ = {isa = PBXBuildFile; fileRef = EF17250229DC6FDA00FAEB5A /* Preview Assets.xcassets */; };
		EF17250529DC6FDA00FAEB5A /* Persistence.swift in Sources */ = {isa = PBXBuildFile; fileRef = EF17250429DC6FDA00FAEB5A /* Persistence.swift */; };
		EF17251329DC70E600FAEB5A /* Col.swift in Sources */ = {isa = PBXBuildFile; fileRef = EF17251229DC70E600FAEB5A /* Col.swift */; };
		EF17251529DC712700FAEB5A /* Etape.swift in Sources */ = {isa = PBXBuildFile; fileRef = EF17251429DC712700FAEB5A /* Etape.swift */; };
		EF17251729DC72A400FAEB5A /* TDFViewModel.swift in Sources */ = {isa = PBXBuildFile; fileRef = EF17251629DC72A400FAEB5A /* TDFViewModel.swift */; };
		EF17251929DC72B500FAEB5A /* HomeView.swift in Sources */ = {isa = PBXBuildFile; fileRef = EF17251829DC72B500FAEB5A /* HomeView.swift */; };
		EF17251B29DC72C000FAEB5A /* EtapeView.swift in Sources */ = {isa = PBXBuildFile; fileRef = EF17251A29DC72C000FAEB5A /* EtapeView.swift */; };
		EF17251D29DC72D000FAEB5A /* ColView.swift in Sources */ = {isa = PBXBuildFile; fileRef = EF17251C29DC72D000FAEB5A /* ColView.swift */; };
		EF2BFEEF29DE3E2000778A75 /* DisclosureView.swift in Sources */ = {isa = PBXBuildFile; fileRef = EF2BFEEE29DE3E2000778A75 /* DisclosureView.swift */; };
		EF2BFEF529DE411700778A75 /* ListEtapesView.swift in Sources */ = {isa = PBXBuildFile; fileRef = EF2BFEF429DE411700778A75 /* ListEtapesView.swift */; };
		EF2BFEF729DE4B5400778A75 /* Repos.swift in Sources */ = {isa = PBXBuildFile; fileRef = EF2BFEF629DE4B5400778A75 /* Repos.swift */; };
		EF87F8F629ED85820066489B /* CoureurView.swift in Sources */ = {isa = PBXBuildFile; fileRef = EF87F8F529ED85820066489B /* CoureurView.swift */; };
		EF87F8F829ED85A60066489B /* TeamView.swift in Sources */ = {isa = PBXBuildFile; fileRef = EF87F8F729ED85A60066489B /* TeamView.swift */; };
		EF87F8FA29ED85DD0066489B /* AllTeamsView.swift in Sources */ = {isa = PBXBuildFile; fileRef = EF87F8F929ED85DD0066489B /* AllTeamsView.swift */; };
		EF87F8FC29ED8A1D0066489B /* Equipe.swift in Sources */ = {isa = PBXBuildFile; fileRef = EF87F8FB29ED8A1D0066489B /* Equipe.swift */; };
		EF9222B629DC7A660043DC85 /* TDF2024_iOS.xcdatamodeld in Sources */ = {isa = PBXBuildFile; fileRef = EF9222B429DC7A660043DC85 /* TDF2024_iOS.xcdatamodeld */; };
		EFCBFA8329EE84E700895745 /* ListCoureursFromTeamView.swift in Sources */ = {isa = PBXBuildFile; fileRef = EFCBFA8229EE84E700895745 /* ListCoureursFromTeamView.swift */; };
		EFCBFA8529EE8C8900895745 /* EquipeViewModel.swift in Sources */ = {isa = PBXBuildFile; fileRef = EFCBFA8429EE8C8900895745 /* EquipeViewModel.swift */; };
		EFCBFA8729EE8DEC00895745 /* Coureur.swift in Sources */ = {isa = PBXBuildFile; fileRef = EFCBFA8629EE8DEC00895745 /* Coureur.swift */; };
		EFFE533D29DD85E600C261A3 /* Galibier-Regular.ttf in Resources */ = {isa = PBXBuildFile; fileRef = EFFE533A29DD85E600C261A3 /* Galibier-Regular.ttf */; };
		EFFE533E29DD85E600C261A3 /* Galibier-Bold.ttf in Resources */ = {isa = PBXBuildFile; fileRef = EFFE533B29DD85E600C261A3 /* Galibier-Bold.ttf */; };
		EFFE533F29DD85E600C261A3 /* Galibier-Light.ttf in Resources */ = {isa = PBXBuildFile; fileRef = EFFE533C29DD85E600C261A3 /* Galibier-Light.ttf */; };
		EFFE535229DD9ACD00C261A3 /* Pays.swift in Sources */ = {isa = PBXBuildFile; fileRef = EFFE535129DD9ACD00C261A3 /* Pays.swift */; };
		EFFE535429DD9D4600C261A3 /* TypeEtape.swift in Sources */ = {isa = PBXBuildFile; fileRef = EFFE535329DD9D4600C261A3 /* TypeEtape.swift */; };
		EFFE535E29DDA1CC00C261A3 /* Ville.swift in Sources */ = {isa = PBXBuildFile; fileRef = EFFE535D29DDA1CC00C261A3 /* Ville.swift */; };
		EFFE536029DDA22600C261A3 /* VilleViewModel.swift in Sources */ = {isa = PBXBuildFile; fileRef = EFFE535F29DDA22600C261A3 /* VilleViewModel.swift */; };
		EFFE536229DDA70700C261A3 /* AppDelegate.swift in Sources */ = {isa = PBXBuildFile; fileRef = EFFE536129DDA70700C261A3 /* AppDelegate.swift */; };
		EFFE536529DDB40D00C261A3 /* CarteView.swift in Sources */ = {isa = PBXBuildFile; fileRef = EFFE536429DDB40D00C261A3 /* CarteView.swift */; };
		EFFE536829DDC0FE00C261A3 /* TDFTextStyles.swift in Sources */ = {isa = PBXBuildFile; fileRef = EFFE536729DDC0FE00C261A3 /* TDFTextStyles.swift */; };
		EFFE536B29DDDE1700C261A3 /* Localize_Swift in Frameworks */ = {isa = PBXBuildFile; productRef = EFFE536A29DDDE1700C261A3 /* Localize_Swift */; };
/* End PBXBuildFile section */

/* Begin PBXFileReference section */
		EF1724F829DC6FD900FAEB5A /* Tour de France 2024.app */ = {isa = PBXFileReference; explicitFileType = wrapper.application; includeInIndex = 0; path = "Tour de France 2024.app"; sourceTree = BUILT_PRODUCTS_DIR; };
		EF1724FB29DC6FD900FAEB5A /* TDF2024_iOSApp.swift */ = {isa = PBXFileReference; lastKnownFileType = sourcecode.swift; path = TDF2024_iOSApp.swift; sourceTree = "<group>"; };
		EF1724FD29DC6FD900FAEB5A /* ContentView.swift */ = {isa = PBXFileReference; lastKnownFileType = sourcecode.swift; path = ContentView.swift; sourceTree = "<group>"; };
		EF1724FF29DC6FDA00FAEB5A /* Assets.xcassets */ = {isa = PBXFileReference; lastKnownFileType = folder.assetcatalog; path = Assets.xcassets; sourceTree = "<group>"; };
		EF17250229DC6FDA00FAEB5A /* Preview Assets.xcassets */ = {isa = PBXFileReference; lastKnownFileType = folder.assetcatalog; path = "Preview Assets.xcassets"; sourceTree = "<group>"; };
		EF17250429DC6FDA00FAEB5A /* Persistence.swift */ = {isa = PBXFileReference; lastKnownFileType = sourcecode.swift; path = Persistence.swift; sourceTree = "<group>"; };
		EF17251229DC70E600FAEB5A /* Col.swift */ = {isa = PBXFileReference; lastKnownFileType = sourcecode.swift; path = Col.swift; sourceTree = "<group>"; };
		EF17251429DC712700FAEB5A /* Etape.swift */ = {isa = PBXFileReference; lastKnownFileType = sourcecode.swift; path = Etape.swift; sourceTree = "<group>"; };
		EF17251629DC72A400FAEB5A /* TDFViewModel.swift */ = {isa = PBXFileReference; lastKnownFileType = sourcecode.swift; path = TDFViewModel.swift; sourceTree = "<group>"; };
		EF17251829DC72B500FAEB5A /* HomeView.swift */ = {isa = PBXFileReference; lastKnownFileType = sourcecode.swift; path = HomeView.swift; sourceTree = "<group>"; };
		EF17251A29DC72C000FAEB5A /* EtapeView.swift */ = {isa = PBXFileReference; lastKnownFileType = sourcecode.swift; path = EtapeView.swift; sourceTree = "<group>"; };
		EF17251C29DC72D000FAEB5A /* ColView.swift */ = {isa = PBXFileReference; lastKnownFileType = sourcecode.swift; path = ColView.swift; sourceTree = "<group>"; };
		EF2BFEEE29DE3E2000778A75 /* DisclosureView.swift */ = {isa = PBXFileReference; lastKnownFileType = sourcecode.swift; path = DisclosureView.swift; sourceTree = "<group>"; };
		EF2BFEF429DE411700778A75 /* ListEtapesView.swift */ = {isa = PBXFileReference; lastKnownFileType = sourcecode.swift; path = ListEtapesView.swift; sourceTree = "<group>"; };
		EF2BFEF629DE4B5400778A75 /* Repos.swift */ = {isa = PBXFileReference; lastKnownFileType = sourcecode.swift; path = Repos.swift; sourceTree = "<group>"; };
		EF87F8F529ED85820066489B /* CoureurView.swift */ = {isa = PBXFileReference; lastKnownFileType = sourcecode.swift; path = CoureurView.swift; sourceTree = "<group>"; };
		EF87F8F729ED85A60066489B /* TeamView.swift */ = {isa = PBXFileReference; lastKnownFileType = sourcecode.swift; path = TeamView.swift; sourceTree = "<group>"; };
		EF87F8F929ED85DD0066489B /* AllTeamsView.swift */ = {isa = PBXFileReference; lastKnownFileType = sourcecode.swift; path = AllTeamsView.swift; sourceTree = "<group>"; };
		EF87F8FB29ED8A1D0066489B /* Equipe.swift */ = {isa = PBXFileReference; lastKnownFileType = sourcecode.swift; path = Equipe.swift; sourceTree = "<group>"; };
		EF9222B529DC7A660043DC85 /* TDF2024_iOS.xcdatamodel */ = {isa = PBXFileReference; lastKnownFileType = wrapper.xcdatamodel; path = TDF2024_iOS.xcdatamodel; sourceTree = "<group>"; };
		EFCBFA8229EE84E700895745 /* ListCoureursFromTeamView.swift */ = {isa = PBXFileReference; lastKnownFileType = sourcecode.swift; path = ListCoureursFromTeamView.swift; sourceTree = "<group>"; };
		EFCBFA8429EE8C8900895745 /* EquipeViewModel.swift */ = {isa = PBXFileReference; lastKnownFileType = sourcecode.swift; path = EquipeViewModel.swift; sourceTree = "<group>"; };
		EFCBFA8629EE8DEC00895745 /* Coureur.swift */ = {isa = PBXFileReference; lastKnownFileType = sourcecode.swift; path = Coureur.swift; sourceTree = "<group>"; };
		EFFE533A29DD85E600C261A3 /* Galibier-Regular.ttf */ = {isa = PBXFileReference; lastKnownFileType = file; path = "Galibier-Regular.ttf"; sourceTree = "<group>"; };
		EFFE533B29DD85E600C261A3 /* Galibier-Bold.ttf */ = {isa = PBXFileReference; lastKnownFileType = file; path = "Galibier-Bold.ttf"; sourceTree = "<group>"; };
		EFFE533C29DD85E600C261A3 /* Galibier-Light.ttf */ = {isa = PBXFileReference; lastKnownFileType = file; path = "Galibier-Light.ttf"; sourceTree = "<group>"; };
		EFFE535129DD9ACD00C261A3 /* Pays.swift */ = {isa = PBXFileReference; lastKnownFileType = sourcecode.swift; path = Pays.swift; sourceTree = "<group>"; };
		EFFE535329DD9D4600C261A3 /* TypeEtape.swift */ = {isa = PBXFileReference; lastKnownFileType = sourcecode.swift; path = TypeEtape.swift; sourceTree = "<group>"; };
		EFFE535D29DDA1CC00C261A3 /* Ville.swift */ = {isa = PBXFileReference; lastKnownFileType = sourcecode.swift; path = Ville.swift; sourceTree = "<group>"; };
		EFFE535F29DDA22600C261A3 /* VilleViewModel.swift */ = {isa = PBXFileReference; lastKnownFileType = sourcecode.swift; path = VilleViewModel.swift; sourceTree = "<group>"; };
		EFFE536129DDA70700C261A3 /* AppDelegate.swift */ = {isa = PBXFileReference; lastKnownFileType = sourcecode.swift; path = AppDelegate.swift; sourceTree = "<group>"; };
		EFFE536329DDAF7F00C261A3 /* Tour-de-France-2024-Info.plist */ = {isa = PBXFileReference; lastKnownFileType = text.plist; path = "Tour-de-France-2024-Info.plist"; sourceTree = "<group>"; };
		EFFE536429DDB40D00C261A3 /* CarteView.swift */ = {isa = PBXFileReference; lastKnownFileType = sourcecode.swift; path = CarteView.swift; sourceTree = "<group>"; };
		EFFE536729DDC0FE00C261A3 /* TDFTextStyles.swift */ = {isa = PBXFileReference; lastKnownFileType = sourcecode.swift; path = TDFTextStyles.swift; sourceTree = "<group>"; };
/* End PBXFileReference section */

/* Begin PBXFrameworksBuildPhase section */
		EF1724F529DC6FD900FAEB5A /* Frameworks */ = {
			isa = PBXFrameworksBuildPhase;
			buildActionMask = 2147483647;
			files = (
				EFFE536B29DDDE1700C261A3 /* Localize_Swift in Frameworks */,
			);
			runOnlyForDeploymentPostprocessing = 0;
		};
/* End PBXFrameworksBuildPhase section */

/* Begin PBXGroup section */
		EF1724EF29DC6FD900FAEB5A = {
			isa = PBXGroup;
			children = (
				EFFE536329DDAF7F00C261A3 /* Tour-de-France-2024-Info.plist */,
				EF1724FA29DC6FD900FAEB5A /* TDF2024-iOS */,
				EF1724F929DC6FD900FAEB5A /* Products */,
			);
			sourceTree = "<group>";
		};
		EF1724F929DC6FD900FAEB5A /* Products */ = {
			isa = PBXGroup;
			children = (
				EF1724F829DC6FD900FAEB5A /* Tour de France 2024.app */,
			);
			name = Products;
			sourceTree = "<group>";
		};
		EF1724FA29DC6FD900FAEB5A /* TDF2024-iOS */ = {
			isa = PBXGroup;
			children = (
				EFFE533929DD85BC00C261A3 /* Styles */,
				EF17251029DC703400FAEB5A /* Model */,
				EF17250F29DC702B00FAEB5A /* ViewModel */,
				EF17250E29DC702300FAEB5A /* View */,
				EF1724FB29DC6FD900FAEB5A /* TDF2024_iOSApp.swift */,
				EF1724FF29DC6FDA00FAEB5A /* Assets.xcassets */,
				EF17250429DC6FDA00FAEB5A /* Persistence.swift */,
				EF17250129DC6FDA00FAEB5A /* Preview Content */,
				EFFE536129DDA70700C261A3 /* AppDelegate.swift */,
			);
			path = "TDF2024-iOS";
			sourceTree = "<group>";
		};
		EF17250129DC6FDA00FAEB5A /* Preview Content */ = {
			isa = PBXGroup;
			children = (
				EF17250229DC6FDA00FAEB5A /* Preview Assets.xcassets */,
			);
			path = "Preview Content";
			sourceTree = "<group>";
		};
		EF17250E29DC702300FAEB5A /* View */ = {
			isa = PBXGroup;
			children = (
				EF87F8F429ED855A0066489B /* Equipe */,
				EF87F8F329ED85500066489B /* Coureur */,
				EF2BFEF129DE407500778A75 /* Carte */,
				EF2BFEF029DE406C00778A75 /* Home */,
				EF1724FD29DC6FD900FAEB5A /* ContentView.swift */,
				EF2BFEEE29DE3E2000778A75 /* DisclosureView.swift */,
			);
			path = View;
			sourceTree = "<group>";
		};
		EF17250F29DC702B00FAEB5A /* ViewModel */ = {
			isa = PBXGroup;
			children = (
				EF17251629DC72A400FAEB5A /* TDFViewModel.swift */,
				EFFE535F29DDA22600C261A3 /* VilleViewModel.swift */,
				EFCBFA8429EE8C8900895745 /* EquipeViewModel.swift */,
			);
			path = ViewModel;
			sourceTree = "<group>";
		};
		EF17251029DC703400FAEB5A /* Model */ = {
			isa = PBXGroup;
			children = (
				EF9222B429DC7A660043DC85 /* TDF2024_iOS.xcdatamodeld */,
				EF17251229DC70E600FAEB5A /* Col.swift */,
				EF17251429DC712700FAEB5A /* Etape.swift */,
				EFFE535129DD9ACD00C261A3 /* Pays.swift */,
				EFFE535329DD9D4600C261A3 /* TypeEtape.swift */,
				EFFE535D29DDA1CC00C261A3 /* Ville.swift */,
				EF2BFEF629DE4B5400778A75 /* Repos.swift */,
				EF87F8FB29ED8A1D0066489B /* Equipe.swift */,
				EFCBFA8629EE8DEC00895745 /* Coureur.swift */,
			);
			path = Model;
			sourceTree = "<group>";
		};
		EF2BFEF029DE406C00778A75 /* Home */ = {
			isa = PBXGroup;
			children = (
				EF17251829DC72B500FAEB5A /* HomeView.swift */,
			);
			path = Home;
			sourceTree = "<group>";
		};
		EF2BFEF129DE407500778A75 /* Carte */ = {
			isa = PBXGroup;
			children = (
				EFB78AF029E03CB900732BE9 /* Items */,
				EF17251A29DC72C000FAEB5A /* EtapeView.swift */,
				EF17251C29DC72D000FAEB5A /* ColView.swift */,
				EFFE536429DDB40D00C261A3 /* CarteView.swift */,
				EF2BFEF429DE411700778A75 /* ListEtapesView.swift */,
			);
			path = Carte;
			sourceTree = "<group>";
		};
		EF87F8F329ED85500066489B /* Coureur */ = {
			isa = PBXGroup;
			children = (
				EF87F8F529ED85820066489B /* CoureurView.swift */,
				EFCBFA8229EE84E700895745 /* ListCoureursFromTeamView.swift */,
			);
			path = Coureur;
			sourceTree = "<group>";
		};
		EF87F8F429ED855A0066489B /* Equipe */ = {
			isa = PBXGroup;
			children = (
				EF87F8F729ED85A60066489B /* TeamView.swift */,
				EF87F8F929ED85DD0066489B /* AllTeamsView.swift */,
			);
			path = Equipe;
			sourceTree = "<group>";
		};
		EFB78AF029E03CB900732BE9 /* Items */ = {
			isa = PBXGroup;
			children = (
			);
			path = Items;
			sourceTree = "<group>";
		};
		EFFE533929DD85BC00C261A3 /* Styles */ = {
			isa = PBXGroup;
			children = (
				EFFE536629DDC0B900C261A3 /* Font */,
				EFFE536729DDC0FE00C261A3 /* TDFTextStyles.swift */,
			);
			path = Styles;
			sourceTree = "<group>";
		};
		EFFE536629DDC0B900C261A3 /* Font */ = {
			isa = PBXGroup;
			children = (
				EFFE533B29DD85E600C261A3 /* Galibier-Bold.ttf */,
				EFFE533C29DD85E600C261A3 /* Galibier-Light.ttf */,
				EFFE533A29DD85E600C261A3 /* Galibier-Regular.ttf */,
			);
			path = Font;
			sourceTree = "<group>";
		};
/* End PBXGroup section */

/* Begin PBXNativeTarget section */
		EF1724F729DC6FD900FAEB5A /* Tour de France 2024 */ = {
			isa = PBXNativeTarget;
			buildConfigurationList = EF17250B29DC6FDA00FAEB5A /* Build configuration list for PBXNativeTarget "Tour de France 2024" */;
			buildPhases = (
				EF1724F429DC6FD900FAEB5A /* Sources */,
				EF1724F529DC6FD900FAEB5A /* Frameworks */,
				EF1724F629DC6FD900FAEB5A /* Resources */,
			);
			buildRules = (
			);
			dependencies = (
			);
			name = "Tour de France 2024";
			packageProductDependencies = (
				EFFE536A29DDDE1700C261A3 /* Localize_Swift */,
			);
			productName = "TDF2024-iOS";
			productReference = EF1724F829DC6FD900FAEB5A /* Tour de France 2024.app */;
			productType = "com.apple.product-type.application";
		};
/* End PBXNativeTarget section */

/* Begin PBXProject section */
		EF1724F029DC6FD900FAEB5A /* Project object */ = {
			isa = PBXProject;
			attributes = {
				BuildIndependentTargetsInParallel = 1;
				LastSwiftUpdateCheck = 1420;
				LastUpgradeCheck = 1420;
				TargetAttributes = {
					EF1724F729DC6FD900FAEB5A = {
						CreatedOnToolsVersion = 14.2;
					};
				};
			};
			buildConfigurationList = EF1724F329DC6FD900FAEB5A /* Build configuration list for PBXProject "TDF2024-iOS" */;
			compatibilityVersion = "Xcode 14.0";
			developmentRegion = en;
			hasScannedForEncodings = 0;
			knownRegions = (
				en,
				Base,
			);
			mainGroup = EF1724EF29DC6FD900FAEB5A;
			packageReferences = (
				EFFE536929DDDE1700C261A3 /* XCRemoteSwiftPackageReference "Localize-Swift" */,
			);
			productRefGroup = EF1724F929DC6FD900FAEB5A /* Products */;
			projectDirPath = "";
			projectRoot = "";
			targets = (
				EF1724F729DC6FD900FAEB5A /* Tour de France 2024 */,
			);
		};
/* End PBXProject section */

/* Begin PBXResourcesBuildPhase section */
		EF1724F629DC6FD900FAEB5A /* Resources */ = {
			isa = PBXResourcesBuildPhase;
			buildActionMask = 2147483647;
			files = (
				EF17250329DC6FDA00FAEB5A /* Preview Assets.xcassets in Resources */,
				EF17250029DC6FDA00FAEB5A /* Assets.xcassets in Resources */,
				EFFE533E29DD85E600C261A3 /* Galibier-Bold.ttf in Resources */,
				EFFE533D29DD85E600C261A3 /* Galibier-Regular.ttf in Resources */,
				EFFE533F29DD85E600C261A3 /* Galibier-Light.ttf in Resources */,
			);
			runOnlyForDeploymentPostprocessing = 0;
		};
/* End PBXResourcesBuildPhase section */

/* Begin PBXSourcesBuildPhase section */
		EF1724F429DC6FD900FAEB5A /* Sources */ = {
			isa = PBXSourcesBuildPhase;
			buildActionMask = 2147483647;
			files = (
				EFFE536829DDC0FE00C261A3 /* TDFTextStyles.swift in Sources */,
				EFCBFA8329EE84E700895745 /* ListCoureursFromTeamView.swift in Sources */,
				EF2BFEEF29DE3E2000778A75 /* DisclosureView.swift in Sources */,
				EF9222B629DC7A660043DC85 /* TDF2024_iOS.xcdatamodeld in Sources */,
				EF17251529DC712700FAEB5A /* Etape.swift in Sources */,
				EF17251329DC70E600FAEB5A /* Col.swift in Sources */,
				EFFE536229DDA70700C261A3 /* AppDelegate.swift in Sources */,
				EFCBFA8729EE8DEC00895745 /* Coureur.swift in Sources */,
				EFFE536529DDB40D00C261A3 /* CarteView.swift in Sources */,
				EF87F8FA29ED85DD0066489B /* AllTeamsView.swift in Sources */,
				EF87F8FC29ED8A1D0066489B /* Equipe.swift in Sources */,
				EF17250529DC6FDA00FAEB5A /* Persistence.swift in Sources */,
				EF17251B29DC72C000FAEB5A /* EtapeView.swift in Sources */,
				EF87F8F629ED85820066489B /* CoureurView.swift in Sources */,
				EF17251D29DC72D000FAEB5A /* ColView.swift in Sources */,
				EF87F8F829ED85A60066489B /* TeamView.swift in Sources */,
				EFFE536029DDA22600C261A3 /* VilleViewModel.swift in Sources */,
				EFFE535229DD9ACD00C261A3 /* Pays.swift in Sources */,
				EFCBFA8529EE8C8900895745 /* EquipeViewModel.swift in Sources */,
				EF2BFEF529DE411700778A75 /* ListEtapesView.swift in Sources */,
				EF17251729DC72A400FAEB5A /* TDFViewModel.swift in Sources */,
				EFFE535429DD9D4600C261A3 /* TypeEtape.swift in Sources */,
				EF2BFEF729DE4B5400778A75 /* Repos.swift in Sources */,
				EF17251929DC72B500FAEB5A /* HomeView.swift in Sources */,
				EF1724FE29DC6FD900FAEB5A /* ContentView.swift in Sources */,
				EFFE535E29DDA1CC00C261A3 /* Ville.swift in Sources */,
				EF1724FC29DC6FD900FAEB5A /* TDF2024_iOSApp.swift in Sources */,
			);
			runOnlyForDeploymentPostprocessing = 0;
		};
/* End PBXSourcesBuildPhase section */

/* Begin XCBuildConfiguration section */
		EF17250929DC6FDA00FAEB5A /* Debug */ = {
			isa = XCBuildConfiguration;
			buildSettings = {
				ALWAYS_SEARCH_USER_PATHS = NO;
				CLANG_ANALYZER_NONNULL = YES;
				CLANG_ANALYZER_NUMBER_OBJECT_CONVERSION = YES_AGGRESSIVE;
				CLANG_CXX_LANGUAGE_STANDARD = "gnu++20";
				CLANG_ENABLE_MODULES = YES;
				CLANG_ENABLE_OBJC_ARC = YES;
				CLANG_ENABLE_OBJC_WEAK = YES;
				CLANG_WARN_BLOCK_CAPTURE_AUTORELEASING = YES;
				CLANG_WARN_BOOL_CONVERSION = YES;
				CLANG_WARN_COMMA = YES;
				CLANG_WARN_CONSTANT_CONVERSION = YES;
				CLANG_WARN_DEPRECATED_OBJC_IMPLEMENTATIONS = YES;
				CLANG_WARN_DIRECT_OBJC_ISA_USAGE = YES_ERROR;
				CLANG_WARN_DOCUMENTATION_COMMENTS = YES;
				CLANG_WARN_EMPTY_BODY = YES;
				CLANG_WARN_ENUM_CONVERSION = YES;
				CLANG_WARN_INFINITE_RECURSION = YES;
				CLANG_WARN_INT_CONVERSION = YES;
				CLANG_WARN_NON_LITERAL_NULL_CONVERSION = YES;
				CLANG_WARN_OBJC_IMPLICIT_RETAIN_SELF = YES;
				CLANG_WARN_OBJC_LITERAL_CONVERSION = YES;
				CLANG_WARN_OBJC_ROOT_CLASS = YES_ERROR;
				CLANG_WARN_QUOTED_INCLUDE_IN_FRAMEWORK_HEADER = YES;
				CLANG_WARN_RANGE_LOOP_ANALYSIS = YES;
				CLANG_WARN_STRICT_PROTOTYPES = YES;
				CLANG_WARN_SUSPICIOUS_MOVE = YES;
				CLANG_WARN_UNGUARDED_AVAILABILITY = YES_AGGRESSIVE;
				CLANG_WARN_UNREACHABLE_CODE = YES;
				CLANG_WARN__DUPLICATE_METHOD_MATCH = YES;
				COPY_PHASE_STRIP = NO;
				DEBUG_INFORMATION_FORMAT = dwarf;
				ENABLE_STRICT_OBJC_MSGSEND = YES;
				ENABLE_TESTABILITY = YES;
				GCC_C_LANGUAGE_STANDARD = gnu11;
				GCC_DYNAMIC_NO_PIC = NO;
				GCC_NO_COMMON_BLOCKS = YES;
				GCC_OPTIMIZATION_LEVEL = 0;
				GCC_PREPROCESSOR_DEFINITIONS = (
					"DEBUG=1",
					"$(inherited)",
				);
				GCC_WARN_64_TO_32_BIT_CONVERSION = YES;
				GCC_WARN_ABOUT_RETURN_TYPE = YES_ERROR;
				GCC_WARN_UNDECLARED_SELECTOR = YES;
				GCC_WARN_UNINITIALIZED_AUTOS = YES_AGGRESSIVE;
				GCC_WARN_UNUSED_FUNCTION = YES;
				GCC_WARN_UNUSED_VARIABLE = YES;
				IPHONEOS_DEPLOYMENT_TARGET = 16.2;
				MTL_ENABLE_DEBUG_INFO = INCLUDE_SOURCE;
				MTL_FAST_MATH = YES;
				ONLY_ACTIVE_ARCH = YES;
				SDKROOT = iphoneos;
				SWIFT_ACTIVE_COMPILATION_CONDITIONS = DEBUG;
				SWIFT_OPTIMIZATION_LEVEL = "-Onone";
			};
			name = Debug;
		};
		EF17250A29DC6FDA00FAEB5A /* Release */ = {
			isa = XCBuildConfiguration;
			buildSettings = {
				ALWAYS_SEARCH_USER_PATHS = NO;
				CLANG_ANALYZER_NONNULL = YES;
				CLANG_ANALYZER_NUMBER_OBJECT_CONVERSION = YES_AGGRESSIVE;
				CLANG_CXX_LANGUAGE_STANDARD = "gnu++20";
				CLANG_ENABLE_MODULES = YES;
				CLANG_ENABLE_OBJC_ARC = YES;
				CLANG_ENABLE_OBJC_WEAK = YES;
				CLANG_WARN_BLOCK_CAPTURE_AUTORELEASING = YES;
				CLANG_WARN_BOOL_CONVERSION = YES;
				CLANG_WARN_COMMA = YES;
				CLANG_WARN_CONSTANT_CONVERSION = YES;
				CLANG_WARN_DEPRECATED_OBJC_IMPLEMENTATIONS = YES;
				CLANG_WARN_DIRECT_OBJC_ISA_USAGE = YES_ERROR;
				CLANG_WARN_DOCUMENTATION_COMMENTS = YES;
				CLANG_WARN_EMPTY_BODY = YES;
				CLANG_WARN_ENUM_CONVERSION = YES;
				CLANG_WARN_INFINITE_RECURSION = YES;
				CLANG_WARN_INT_CONVERSION = YES;
				CLANG_WARN_NON_LITERAL_NULL_CONVERSION = YES;
				CLANG_WARN_OBJC_IMPLICIT_RETAIN_SELF = YES;
				CLANG_WARN_OBJC_LITERAL_CONVERSION = YES;
				CLANG_WARN_OBJC_ROOT_CLASS = YES_ERROR;
				CLANG_WARN_QUOTED_INCLUDE_IN_FRAMEWORK_HEADER = YES;
				CLANG_WARN_RANGE_LOOP_ANALYSIS = YES;
				CLANG_WARN_STRICT_PROTOTYPES = YES;
				CLANG_WARN_SUSPICIOUS_MOVE = YES;
				CLANG_WARN_UNGUARDED_AVAILABILITY = YES_AGGRESSIVE;
				CLANG_WARN_UNREACHABLE_CODE = YES;
				CLANG_WARN__DUPLICATE_METHOD_MATCH = YES;
				COPY_PHASE_STRIP = NO;
				DEBUG_INFORMATION_FORMAT = "dwarf-with-dsym";
				ENABLE_NS_ASSERTIONS = NO;
				ENABLE_STRICT_OBJC_MSGSEND = YES;
				GCC_C_LANGUAGE_STANDARD = gnu11;
				GCC_NO_COMMON_BLOCKS = YES;
				GCC_WARN_64_TO_32_BIT_CONVERSION = YES;
				GCC_WARN_ABOUT_RETURN_TYPE = YES_ERROR;
				GCC_WARN_UNDECLARED_SELECTOR = YES;
				GCC_WARN_UNINITIALIZED_AUTOS = YES_AGGRESSIVE;
				GCC_WARN_UNUSED_FUNCTION = YES;
				GCC_WARN_UNUSED_VARIABLE = YES;
				IPHONEOS_DEPLOYMENT_TARGET = 16.2;
				MTL_ENABLE_DEBUG_INFO = NO;
				MTL_FAST_MATH = YES;
				SDKROOT = iphoneos;
				SWIFT_COMPILATION_MODE = wholemodule;
				SWIFT_OPTIMIZATION_LEVEL = "-O";
				VALIDATE_PRODUCT = YES;
			};
			name = Release;
		};
		EF17250C29DC6FDA00FAEB5A /* Debug */ = {
			isa = XCBuildConfiguration;
			buildSettings = {
				ASSETCATALOG_COMPILER_APPICON_NAME = AppIcon;
				ASSETCATALOG_COMPILER_GLOBAL_ACCENT_COLOR_NAME = AccentColor;
				CODE_SIGN_STYLE = Automatic;
				CURRENT_PROJECT_VERSION = 1;
				DEVELOPMENT_ASSET_PATHS = "\"TDF2024-iOS/Preview Content\"";
				ENABLE_PREVIEWS = YES;
				GENERATE_INFOPLIST_FILE = YES;
				INFOPLIST_FILE = "Tour-de-France-2024-Info.plist";
				INFOPLIST_KEY_UIApplicationSceneManifest_Generation = YES;
				INFOPLIST_KEY_UIApplicationSupportsIndirectInputEvents = YES;
				INFOPLIST_KEY_UILaunchScreen_Generation = YES;
				INFOPLIST_KEY_UISupportedInterfaceOrientations_iPad = "UIInterfaceOrientationPortrait UIInterfaceOrientationPortraitUpsideDown UIInterfaceOrientationLandscapeLeft UIInterfaceOrientationLandscapeRight";
				INFOPLIST_KEY_UISupportedInterfaceOrientations_iPhone = "UIInterfaceOrientationPortrait UIInterfaceOrientationLandscapeLeft UIInterfaceOrientationLandscapeRight";
				LD_RUNPATH_SEARCH_PATHS = (
					"$(inherited)",
					"@executable_path/Frameworks",
				);
				MARKETING_VERSION = 1.0;
				PRODUCT_BUNDLE_IDENTIFIER = "VD.TDF2024-iOS";
				PRODUCT_NAME = "$(TARGET_NAME)";
				SWIFT_EMIT_LOC_STRINGS = YES;
				SWIFT_VERSION = 5.0;
				TARGETED_DEVICE_FAMILY = "1,2";
			};
			name = Debug;
		};
		EF17250D29DC6FDA00FAEB5A /* Release */ = {
			isa = XCBuildConfiguration;
			buildSettings = {
				ASSETCATALOG_COMPILER_APPICON_NAME = AppIcon;
				ASSETCATALOG_COMPILER_GLOBAL_ACCENT_COLOR_NAME = AccentColor;
				CODE_SIGN_STYLE = Automatic;
				CURRENT_PROJECT_VERSION = 1;
				DEVELOPMENT_ASSET_PATHS = "\"TDF2024-iOS/Preview Content\"";
				ENABLE_PREVIEWS = YES;
				GENERATE_INFOPLIST_FILE = YES;
				INFOPLIST_FILE = "Tour-de-France-2024-Info.plist";
				INFOPLIST_KEY_UIApplicationSceneManifest_Generation = YES;
				INFOPLIST_KEY_UIApplicationSupportsIndirectInputEvents = YES;
				INFOPLIST_KEY_UILaunchScreen_Generation = YES;
				INFOPLIST_KEY_UISupportedInterfaceOrientations_iPad = "UIInterfaceOrientationPortrait UIInterfaceOrientationPortraitUpsideDown UIInterfaceOrientationLandscapeLeft UIInterfaceOrientationLandscapeRight";
				INFOPLIST_KEY_UISupportedInterfaceOrientations_iPhone = "UIInterfaceOrientationPortrait UIInterfaceOrientationLandscapeLeft UIInterfaceOrientationLandscapeRight";
				LD_RUNPATH_SEARCH_PATHS = (
					"$(inherited)",
					"@executable_path/Frameworks",
				);
				MARKETING_VERSION = 1.0;
				PRODUCT_BUNDLE_IDENTIFIER = "VD.TDF2024-iOS";
				PRODUCT_NAME = "$(TARGET_NAME)";
				SWIFT_EMIT_LOC_STRINGS = YES;
				SWIFT_VERSION = 5.0;
				TARGETED_DEVICE_FAMILY = "1,2";
			};
			name = Release;
		};
/* End XCBuildConfiguration section */

/* Begin XCConfigurationList section */
		EF1724F329DC6FD900FAEB5A /* Build configuration list for PBXProject "TDF2024-iOS" */ = {
			isa = XCConfigurationList;
			buildConfigurations = (
				EF17250929DC6FDA00FAEB5A /* Debug */,
				EF17250A29DC6FDA00FAEB5A /* Release */,
			);
			defaultConfigurationIsVisible = 0;
			defaultConfigurationName = Release;
		};
		EF17250B29DC6FDA00FAEB5A /* Build configuration list for PBXNativeTarget "Tour de France 2024" */ = {
			isa = XCConfigurationList;
			buildConfigurations = (
				EF17250C29DC6FDA00FAEB5A /* Debug */,
				EF17250D29DC6FDA00FAEB5A /* Release */,
			);
			defaultConfigurationIsVisible = 0;
			defaultConfigurationName = Release;
		};
/* End XCConfigurationList section */

/* Begin XCRemoteSwiftPackageReference section */
		EFFE536929DDDE1700C261A3 /* XCRemoteSwiftPackageReference "Localize-Swift" */ = {
			isa = XCRemoteSwiftPackageReference;
			repositoryURL = "https://github.com/marmelroy/Localize-Swift.git";
			requirement = {
				branch = master;
				kind = branch;
			};
		};
/* End XCRemoteSwiftPackageReference section */

/* Begin XCSwiftPackageProductDependency section */
		EFFE536A29DDDE1700C261A3 /* Localize_Swift */ = {
			isa = XCSwiftPackageProductDependency;
			package = EFFE536929DDDE1700C261A3 /* XCRemoteSwiftPackageReference "Localize-Swift" */;
			productName = Localize_Swift;
		};
/* End XCSwiftPackageProductDependency section */

/* Begin XCVersionGroup section */
		EF9222B429DC7A660043DC85 /* TDF2024_iOS.xcdatamodeld */ = {
			isa = XCVersionGroup;
			children = (
				EF9222B529DC7A660043DC85 /* TDF2024_iOS.xcdatamodel */,
			);
			currentVersion = EF9222B529DC7A660043DC85 /* TDF2024_iOS.xcdatamodel */;
			path = TDF2024_iOS.xcdatamodeld;
			sourceTree = "<group>";
			versionGroupType = wrapper.xcdatamodel;
		};
/* End XCVersionGroup section */
	};
	rootObject = EF1724F029DC6FD900FAEB5A /* Project object */;
}
